
Microsoft Visual Studio Solution File, Format Version 12.00
# Visual Studio Version 17
VisualStudioVersion = 17.14.36518.9
MinimumVisualStudioVersion = 10.0.40219.1
Project("{FAE04EC0-301F-11D3-BF4B-00C04F79EFBC}") = "MySecondMauiApp", "MySecondMauiApp\MySecondMauiApp.csproj", "{003C53B3-E776-4AC3-AB57-00910FD81AC5}"
EndProject
Global
	GlobalSection(SolutionConfigurationPlatforms) = preSolution
		Debug|Any CPU = Debug|Any CPU
		Release|Any CPU = Release|Any CPU
	EndGlobalSection
	GlobalSection(ProjectConfigurationPlatforms) = postSolution
		{003C53B3-E776-4AC3-AB57-00910FD81AC5}.Debug|Any CPU.ActiveCfg = Debug|Any CPU
		{003C53B3-E776-4AC3-AB57-00910FD81AC5}.Debug|Any CPU.Build.0 = Debug|Any CPU
		{003C53B3-E776-4AC3-AB57-00910FD81AC5}.Debug|Any CPU.Deploy.0 = Debug|Any CPU
		{003C53B3-E776-4AC3-AB57-00910FD81AC5}.Release|Any CPU.ActiveCfg = Release|Any CPU
		{003C53B3-E776-4AC3-AB57-00910FD81AC5}.Release|Any CPU.Build.0 = Release|Any CPU
	EndGlobalSection
	GlobalSection(SolutionProperties) = preSolution
		HideSolutionNode = FALSE
	EndGlobalSection
	GlobalSection(ExtensibilityGlobals) = postSolution
		SolutionGuid = {EAEE55DE-FE78-4024-AB4C-FE41B24EA284}
	EndGlobalSection
EndGlobal
